
Microsoft Visual Studio Solution File, Format Version 12.00
# Visual Studio Version 17
VisualStudioVersion = 17.0.31903.59
MinimumVisualStudioVersion = 10.0.40219.1
Project("{2150E333-8FDC-42A3-9474-1A3956D46DE8}") = "src", "src", "{827E0CD3-B72D-47B6-A68D-7590B98EB39B}"
EndProject
Project("{FAE04EC0-301F-11D3-BF4B-00C04F79EFBC}") = "Flowbit.Shared", "src\Flowbit.Shared\Flowbit.Shared.csproj", "{576FEC05-BD46-436E-8CDA-085008EADB5A}"
EndProject
Project("{FAE04EC0-301F-11D3-BF4B-00C04F79EFBC}") = "Flowbit.Service", "src\Flowbit.Service\Flowbit.Service.csproj", "{41DB5047-2E3B-4D30-9D2F-3AE5C5D44955}"
EndProject
Project("{FAE04EC0-301F-11D3-BF4B-00C04F79EFBC}") = "Flowbit.Infrastructure", "src\Flowbit.Infrastructure\Flowbit.Infrastructure.csproj", "{70DD081C-73C0-4FD7-BEB1-03748EC08F26}"
EndProject
Project("{FAE04EC0-301F-11D3-BF4B-00C04F79EFBC}") = "Flowbit.Api", "src\Flowbit.Api\Flowbit.Api.csproj", "{746470A1-A3D5-490C-8655-9A12D2C7471C}"
EndProject
Project("{FAE04EC0-301F-11D3-BF4B-00C04F79EFBC}") = "Flowbit.Ui", "src\Flowbit.Ui\Flowbit.Ui.csproj", "{B9D40710-96B8-4C82-A409-CEA72B067CF5}"
EndProject
Global
	GlobalSection(SolutionConfigurationPlatforms) = preSolution
		Debug|Any CPU = Debug|Any CPU
		Debug|x64 = Debug|x64
		Debug|x86 = Debug|x86
		Release|Any CPU = Release|Any CPU
		Release|x64 = Release|x64
		Release|x86 = Release|x86
	EndGlobalSection
	GlobalSection(ProjectConfigurationPlatforms) = postSolution
		{576FEC05-BD46-436E-8CDA-085008EADB5A}.Debug|Any CPU.ActiveCfg = Debug|Any CPU
		{576FEC05-BD46-436E-8CDA-085008EADB5A}.Debug|Any CPU.Build.0 = Debug|Any CPU
		{576FEC05-BD46-436E-8CDA-085008EADB5A}.Debug|x64.ActiveCfg = Debug|Any CPU
		{576FEC05-BD46-436E-8CDA-085008EADB5A}.Debug|x64.Build.0 = Debug|Any CPU
		{576FEC05-BD46-436E-8CDA-085008EADB5A}.Debug|x86.ActiveCfg = Debug|Any CPU
		{576FEC05-BD46-436E-8CDA-085008EADB5A}.Debug|x86.Build.0 = Debug|Any CPU
		{576FEC05-BD46-436E-8CDA-085008EADB5A}.Release|Any CPU.ActiveCfg = Release|Any CPU
		{576FEC05-BD46-436E-8CDA-085008EADB5A}.Release|Any CPU.Build.0 = Release|Any CPU
		{576FEC05-BD46-436E-8CDA-085008EADB5A}.Release|x64.ActiveCfg = Release|Any CPU
		{576FEC05-BD46-436E-8CDA-085008EADB5A}.Release|x64.Build.0 = Release|Any CPU
		{576FEC05-BD46-436E-8CDA-085008EADB5A}.Release|x86.ActiveCfg = Release|Any CPU
		{576FEC05-BD46-436E-8CDA-085008EADB5A}.Release|x86.Build.0 = Release|Any CPU
		{41DB5047-2E3B-4D30-9D2F-3AE5C5D44955}.Debug|Any CPU.ActiveCfg = Debug|Any CPU
		{41DB5047-2E3B-4D30-9D2F-3AE5C5D44955}.Debug|Any CPU.Build.0 = Debug|Any CPU
		{41DB5047-2E3B-4D30-9D2F-3AE5C5D44955}.Debug|x64.ActiveCfg = Debug|Any CPU
		{41DB5047-2E3B-4D30-9D2F-3AE5C5D44955}.Debug|x64.Build.0 = Debug|Any CPU
		{41DB5047-2E3B-4D30-9D2F-3AE5C5D44955}.Debug|x86.ActiveCfg = Debug|Any CPU
		{41DB5047-2E3B-4D30-9D2F-3AE5C5D44955}.Debug|x86.Build.0 = Debug|Any CPU
		{41DB5047-2E3B-4D30-9D2F-3AE5C5D44955}.Release|Any CPU.ActiveCfg = Release|Any CPU
		{41DB5047-2E3B-4D30-9D2F-3AE5C5D44955}.Release|Any CPU.Build.0 = Release|Any CPU
		{41DB5047-2E3B-4D30-9D2F-3AE5C5D44955}.Release|x64.ActiveCfg = Release|Any CPU
		{41DB5047-2E3B-4D30-9D2F-3AE5C5D44955}.Release|x64.Build.0 = Release|Any CPU
		{41DB5047-2E3B-4D30-9D2F-3AE5C5D44955}.Release|x86.ActiveCfg = Release|Any CPU
		{41DB5047-2E3B-4D30-9D2F-3AE5C5D44955}.Release|x86.Build.0 = Release|Any CPU
		{70DD081C-73C0-4FD7-BEB1-03748EC08F26}.Debug|Any CPU.ActiveCfg = Debug|Any CPU
		{70DD081C-73C0-4FD7-BEB1-03748EC08F26}.Debug|Any CPU.Build.0 = Debug|Any CPU
		{70DD081C-73C0-4FD7-BEB1-03748EC08F26}.Debug|x64.ActiveCfg = Debug|Any CPU
		{70DD081C-73C0-4FD7-BEB1-03748EC08F26}.Debug|x64.Build.0 = Debug|Any CPU
		{70DD081C-73C0-4FD7-BEB1-03748EC08F26}.Debug|x86.ActiveCfg = Debug|Any CPU
		{70DD081C-73C0-4FD7-BEB1-03748EC08F26}.Debug|x86.Build.0 = Debug|Any CPU
		{70DD081C-73C0-4FD7-BEB1-03748EC08F26}.Release|Any CPU.ActiveCfg = Release|Any CPU
		{70DD081C-73C0-4FD7-BEB1-03748EC08F26}.Release|Any CPU.Build.0 = Release|Any CPU
		{70DD081C-73C0-4FD7-BEB1-03748EC08F26}.Release|x64.ActiveCfg = Release|Any CPU
		{70DD081C-73C0-4FD7-BEB1-03748EC08F26}.Release|x64.Build.0 = Release|Any CPU
		{70DD081C-73C0-4FD7-BEB1-03748EC08F26}.Release|x86.ActiveCfg = Release|Any CPU
		{70DD081C-73C0-4FD7-BEB1-03748EC08F26}.Release|x86.Build.0 = Release|Any CPU
		{746470A1-A3D5-490C-8655-9A12D2C7471C}.Debug|Any CPU.ActiveCfg = Debug|Any CPU
		{746470A1-A3D5-490C-8655-9A12D2C7471C}.Debug|Any CPU.Build.0 = Debug|Any CPU
		{746470A1-A3D5-490C-8655-9A12D2C7471C}.Debug|x64.ActiveCfg = Debug|Any CPU
		{746470A1-A3D5-490C-8655-9A12D2C7471C}.Debug|x64.Build.0 = Debug|Any CPU
		{746470A1-A3D5-490C-8655-9A12D2C7471C}.Debug|x86.ActiveCfg = Debug|Any CPU
		{746470A1-A3D5-490C-8655-9A12D2C7471C}.Debug|x86.Build.0 = Debug|Any CPU
		{746470A1-A3D5-490C-8655-9A12D2C7471C}.Release|Any CPU.ActiveCfg = Release|Any CPU
		{746470A1-A3D5-490C-8655-9A12D2C7471C}.Release|Any CPU.Build.0 = Release|Any CPU
		{746470A1-A3D5-490C-8655-9A12D2C7471C}.Release|x64.ActiveCfg = Release|Any CPU
		{746470A1-A3D5-490C-8655-9A12D2C7471C}.Release|x64.Build.0 = Release|Any CPU
		{746470A1-A3D5-490C-8655-9A12D2C7471C}.Release|x86.ActiveCfg = Release|Any CPU
		{746470A1-A3D5-490C-8655-9A12D2C7471C}.Release|x86.Build.0 = Release|Any CPU
		{B9D40710-96B8-4C82-A409-CEA72B067CF5}.Debug|Any CPU.ActiveCfg = Debug|Any CPU
		{B9D40710-96B8-4C82-A409-CEA72B067CF5}.Debug|Any CPU.Build.0 = Debug|Any CPU
		{B9D40710-96B8-4C82-A409-CEA72B067CF5}.Debug|x64.ActiveCfg = Debug|Any CPU
		{B9D40710-96B8-4C82-A409-CEA72B067CF5}.Debug|x64.Build.0 = Debug|Any CPU
		{B9D40710-96B8-4C82-A409-CEA72B067CF5}.Debug|x86.ActiveCfg = Debug|Any CPU
		{B9D40710-96B8-4C82-A409-CEA72B067CF5}.Debug|x86.Build.0 = Debug|Any CPU
		{B9D40710-96B8-4C82-A409-CEA72B067CF5}.Release|Any CPU.ActiveCfg = Release|Any CPU
		{B9D40710-96B8-4C82-A409-CEA72B067CF5}.Release|Any CPU.Build.0 = Release|Any CPU
		{B9D40710-96B8-4C82-A409-CEA72B067CF5}.Release|x64.ActiveCfg = Release|Any CPU
		{B9D40710-96B8-4C82-A409-CEA72B067CF5}.Release|x64.Build.0 = Release|Any CPU
		{B9D40710-96B8-4C82-A409-CEA72B067CF5}.Release|x86.ActiveCfg = Release|Any CPU
		{B9D40710-96B8-4C82-A409-CEA72B067CF5}.Release|x86.Build.0 = Release|Any CPU
	EndGlobalSection
	GlobalSection(SolutionProperties) = preSolution
		HideSolutionNode = FALSE
	EndGlobalSection
	GlobalSection(NestedProjects) = preSolution
		{576FEC05-BD46-436E-8CDA-085008EADB5A} = {827E0CD3-B72D-47B6-A68D-7590B98EB39B}
		{41DB5047-2E3B-4D30-9D2F-3AE5C5D44955} = {827E0CD3-B72D-47B6-A68D-7590B98EB39B}
		{70DD081C-73C0-4FD7-BEB1-03748EC08F26} = {827E0CD3-B72D-47B6-A68D-7590B98EB39B}
		{746470A1-A3D5-490C-8655-9A12D2C7471C} = {827E0CD3-B72D-47B6-A68D-7590B98EB39B}
		{B9D40710-96B8-4C82-A409-CEA72B067CF5} = {827E0CD3-B72D-47B6-A68D-7590B98EB39B}
	EndGlobalSection
EndGlobal
